
Microsoft Visual Studio Solution File, Format Version 12.00
# Visual Studio Version 17
VisualStudioVersion = 17.7.34024.191
MinimumVisualStudioVersion = 10.0.40219.1
Project("{FAE04EC0-301F-11D3-BF4B-00C04F79EFBC}") = "World.Api", "World.Api\World.Api.csproj", "{511AE55C-F4C8-4F2E-AD7E-A1E21D6165E5}"
EndProject
Global
	GlobalSection(SolutionConfigurationPlatforms) = preSolution
		Debug|Any CPU = Debug|Any CPU
		Release|Any CPU = Release|Any CPU
	EndGlobalSection
	GlobalSection(ProjectConfigurationPlatforms) = postSolution
		{511AE55C-F4C8-4F2E-AD7E-A1E21D6165E5}.Debug|Any CPU.ActiveCfg = Debug|Any CPU
		{511AE55C-F4C8-4F2E-AD7E-A1E21D6165E5}.Debug|Any CPU.Build.0 = Debug|Any CPU
		{511AE55C-F4C8-4F2E-AD7E-A1E21D6165E5}.Release|Any CPU.ActiveCfg = Release|Any CPU
		{511AE55C-F4C8-4F2E-AD7E-A1E21D6165E5}.Release|Any CPU.Build.0 = Release|Any CPU
	EndGlobalSection
	GlobalSection(SolutionProperties) = preSolution
		HideSolutionNode = FALSE
	EndGlobalSection
	GlobalSection(ExtensibilityGlobals) = postSolution
		SolutionGuid = {81525A0F-0DC6-4AE4-9920-345A1A215AB8}
	EndGlobalSection
EndGlobal
